
Microsoft Visual Studio Solution File, Format Version 12.00
# Visual Studio Version 17
VisualStudioVersion = 17.2.32519.379
MinimumVisualStudioVersion = 10.0.40219.1
Project("{FAE04EC0-301F-11D3-BF4B-00C04F79EFBC}") = "SignalRProgress", "SignalRProgress\SignalRProgress.csproj", "{0988EF37-DD2A-4053-B3B5-0A84A398D316}"
EndProject
Global
	GlobalSection(SolutionConfigurationPlatforms) = preSolution
		Debug|Any CPU = Debug|Any CPU
		Release|Any CPU = Release|Any CPU
	EndGlobalSection
	GlobalSection(ProjectConfigurationPlatforms) = postSolution
		{0988EF37-DD2A-4053-B3B5-0A84A398D316}.Debug|Any CPU.ActiveCfg = Debug|Any CPU
		{0988EF37-DD2A-4053-B3B5-0A84A398D316}.Debug|Any CPU.Build.0 = Debug|Any CPU
		{0988EF37-DD2A-4053-B3B5-0A84A398D316}.Release|Any CPU.ActiveCfg = Release|Any CPU
		{0988EF37-DD2A-4053-B3B5-0A84A398D316}.Release|Any CPU.Build.0 = Release|Any CPU
	EndGlobalSection
	GlobalSection(SolutionProperties) = preSolution
		HideSolutionNode = FALSE
	EndGlobalSection
	GlobalSection(ExtensibilityGlobals) = postSolution
		SolutionGuid = {E1127535-ED12-4236-9CB0-C786CE0A30A1}
	EndGlobalSection
EndGlobal
